
Microsoft Visual Studio Solution File, Format Version 12.00
# Visual Studio 2013
VisualStudioVersion = 12.0.30324.0
MinimumVisualStudioVersion = 10.0.40219.1
Project("{2150E333-8FDC-42A3-9474-1A3956D46DE8}") = "App", "App", "{0A6D63A6-9BB5-451A-A30B-6E463476BDB6}"
EndProject
Project("{D954291E-2A0B-460D-934E-DC6B0785DB48}") = "Shared", "app\Shared\Shared.shproj", "{B3F01212-0619-4D2F-941B-01EC8746F4AD}"
EndProject
Project("{FAE04EC0-301F-11D3-BF4B-00C04F79EFBC}") = "Windows", "app\Windows\Windows.csproj", "{8287BFDA-9644-4CF8-A220-6C001B6E846A}"
EndProject
Project("{FAE04EC0-301F-11D3-BF4B-00C04F79EFBC}") = "WindowsPhone", "app\WindowsPhone\WindowsPhone.csproj", "{E4515115-2592-4EBA-BC09-B7BC4D1161FA}"
EndProject
Project("{FAE04EC0-301F-11D3-BF4B-00C04F79EFBC}") = "PortableRuntime", "app\PortableRuntime\PortableRuntime.csproj", "{602DF587-D213-4F6E-B868-A4C0CD373D59}"
EndProject
Project("{FAE04EC0-301F-11D3-BF4B-00C04F79EFBC}") = "NotificationsExtensions", "app\NotificationsExtensions\NotificationsExtensions.csproj", "{6E87464B-B064-40CA-8161-7C18C337ADFF}"
EndProject
Global
	GlobalSection(SharedMSBuildProjectFiles) = preSolution
		app\Shared\App.Shared.projitems*{b3f01212-0619-4d2f-941b-01ec8746f4ad}*SharedItemsImports = 13
		app\Shared\App.Shared.projitems*{e4515115-2592-4eba-bc09-b7bc4d1161fa}*SharedItemsImports = 4
		app\Shared\App.Shared.projitems*{8287bfda-9644-4cf8-a220-6c001b6e846a}*SharedItemsImports = 4
	EndGlobalSection
	GlobalSection(SolutionConfigurationPlatforms) = preSolution
		Debug|Any CPU = Debug|Any CPU
		Debug|ARM = Debug|ARM
		Debug|Win32 = Debug|Win32
		Debug|x64 = Debug|x64
		Debug|x86 = Debug|x86
		Release|Any CPU = Release|Any CPU
		Release|ARM = Release|ARM
		Release|Win32 = Release|Win32
		Release|x64 = Release|x64
		Release|x86 = Release|x86
	EndGlobalSection
	GlobalSection(ProjectConfigurationPlatforms) = postSolution
		{8287BFDA-9644-4CF8-A220-6C001B6E846A}.Debug|Any CPU.ActiveCfg = Debug|Any CPU
		{8287BFDA-9644-4CF8-A220-6C001B6E846A}.Debug|Any CPU.Build.0 = Debug|Any CPU
		{8287BFDA-9644-4CF8-A220-6C001B6E846A}.Debug|Any CPU.Deploy.0 = Debug|Any CPU
		{8287BFDA-9644-4CF8-A220-6C001B6E846A}.Debug|ARM.ActiveCfg = Debug|ARM
		{8287BFDA-9644-4CF8-A220-6C001B6E846A}.Debug|ARM.Build.0 = Debug|ARM
		{8287BFDA-9644-4CF8-A220-6C001B6E846A}.Debug|ARM.Deploy.0 = Debug|ARM
		{8287BFDA-9644-4CF8-A220-6C001B6E846A}.Debug|Win32.ActiveCfg = Debug|x86
		{8287BFDA-9644-4CF8-A220-6C001B6E846A}.Debug|Win32.Build.0 = Debug|x86
		{8287BFDA-9644-4CF8-A220-6C001B6E846A}.Debug|Win32.Deploy.0 = Debug|x86
		{8287BFDA-9644-4CF8-A220-6C001B6E846A}.Debug|x64.ActiveCfg = Debug|x64
		{8287BFDA-9644-4CF8-A220-6C001B6E846A}.Debug|x64.Build.0 = Debug|x64
		{8287BFDA-9644-4CF8-A220-6C001B6E846A}.Debug|x64.Deploy.0 = Debug|x64
		{8287BFDA-9644-4CF8-A220-6C001B6E846A}.Debug|x86.ActiveCfg = Debug|x86
		{8287BFDA-9644-4CF8-A220-6C001B6E846A}.Debug|x86.Build.0 = Debug|x86
		{8287BFDA-9644-4CF8-A220-6C001B6E846A}.Debug|x86.Deploy.0 = Debug|x86
		{8287BFDA-9644-4CF8-A220-6C001B6E846A}.Release|Any CPU.ActiveCfg = Release|Any CPU
		{8287BFDA-9644-4CF8-A220-6C001B6E846A}.Release|Any CPU.Build.0 = Release|Any CPU
		{8287BFDA-9644-4CF8-A220-6C001B6E846A}.Release|Any CPU.Deploy.0 = Release|Any CPU
		{8287BFDA-9644-4CF8-A220-6C001B6E846A}.Release|ARM.ActiveCfg = Release|ARM
		{8287BFDA-9644-4CF8-A220-6C001B6E846A}.Release|ARM.Build.0 = Release|ARM
		{8287BFDA-9644-4CF8-A220-6C001B6E846A}.Release|ARM.Deploy.0 = Release|ARM
		{8287BFDA-9644-4CF8-A220-6C001B6E846A}.Release|Win32.ActiveCfg = Release|x86
		{8287BFDA-9644-4CF8-A220-6C001B6E846A}.Release|Win32.Build.0 = Release|x86
		{8287BFDA-9644-4CF8-A220-6C001B6E846A}.Release|Win32.Deploy.0 = Release|x86
		{8287BFDA-9644-4CF8-A220-6C001B6E846A}.Release|x64.ActiveCfg = Release|x64
		{8287BFDA-9644-4CF8-A220-6C001B6E846A}.Release|x64.Build.0 = Release|x64
		{8287BFDA-9644-4CF8-A220-6C001B6E846A}.Release|x64.Deploy.0 = Release|x64
		{8287BFDA-9644-4CF8-A220-6C001B6E846A}.Release|x86.ActiveCfg = Release|x86
		{8287BFDA-9644-4CF8-A220-6C001B6E846A}.Release|x86.Build.0 = Release|x86
		{8287BFDA-9644-4CF8-A220-6C001B6E846A}.Release|x86.Deploy.0 = Release|x86
		{E4515115-2592-4EBA-BC09-B7BC4D1161FA}.Debug|Any CPU.ActiveCfg = Debug|Any CPU
		{E4515115-2592-4EBA-BC09-B7BC4D1161FA}.Debug|Any CPU.Build.0 = Debug|Any CPU
		{E4515115-2592-4EBA-BC09-B7BC4D1161FA}.Debug|Any CPU.Deploy.0 = Debug|Any CPU
		{E4515115-2592-4EBA-BC09-B7BC4D1161FA}.Debug|ARM.ActiveCfg = Debug|ARM
		{E4515115-2592-4EBA-BC09-B7BC4D1161FA}.Debug|ARM.Build.0 = Debug|ARM
		{E4515115-2592-4EBA-BC09-B7BC4D1161FA}.Debug|ARM.Deploy.0 = Debug|ARM
		{E4515115-2592-4EBA-BC09-B7BC4D1161FA}.Debug|Win32.ActiveCfg = Debug|x86
		{E4515115-2592-4EBA-BC09-B7BC4D1161FA}.Debug|Win32.Build.0 = Debug|x86
		{E4515115-2592-4EBA-BC09-B7BC4D1161FA}.Debug|Win32.Deploy.0 = Debug|x86
		{E4515115-2592-4EBA-BC09-B7BC4D1161FA}.Debug|x64.ActiveCfg = Debug|Any CPU
		{E4515115-2592-4EBA-BC09-B7BC4D1161FA}.Debug|x86.ActiveCfg = Debug|x86
		{E4515115-2592-4EBA-BC09-B7BC4D1161FA}.Debug|x86.Build.0 = Debug|x86
		{E4515115-2592-4EBA-BC09-B7BC4D1161FA}.Debug|x86.Deploy.0 = Debug|x86
		{E4515115-2592-4EBA-BC09-B7BC4D1161FA}.Release|Any CPU.ActiveCfg = Release|Any CPU
		{E4515115-2592-4EBA-BC09-B7BC4D1161FA}.Release|Any CPU.Build.0 = Release|Any CPU
		{E4515115-2592-4EBA-BC09-B7BC4D1161FA}.Release|Any CPU.Deploy.0 = Release|Any CPU
		{E4515115-2592-4EBA-BC09-B7BC4D1161FA}.Release|ARM.ActiveCfg = Release|ARM
		{E4515115-2592-4EBA-BC09-B7BC4D1161FA}.Release|ARM.Build.0 = Release|ARM
		{E4515115-2592-4EBA-BC09-B7BC4D1161FA}.Release|ARM.Deploy.0 = Release|ARM
		{E4515115-2592-4EBA-BC09-B7BC4D1161FA}.Release|Win32.ActiveCfg = Release|x86
		{E4515115-2592-4EBA-BC09-B7BC4D1161FA}.Release|Win32.Build.0 = Release|x86
		{E4515115-2592-4EBA-BC09-B7BC4D1161FA}.Release|Win32.Deploy.0 = Release|x86
		{E4515115-2592-4EBA-BC09-B7BC4D1161FA}.Release|x64.ActiveCfg = Release|Any CPU
		{E4515115-2592-4EBA-BC09-B7BC4D1161FA}.Release|x86.ActiveCfg = Release|x86
		{E4515115-2592-4EBA-BC09-B7BC4D1161FA}.Release|x86.Build.0 = Release|x86
		{E4515115-2592-4EBA-BC09-B7BC4D1161FA}.Release|x86.Deploy.0 = Release|x86
		{602DF587-D213-4F6E-B868-A4C0CD373D59}.Debug|Any CPU.ActiveCfg = Debug|Any CPU
		{602DF587-D213-4F6E-B868-A4C0CD373D59}.Debug|Any CPU.Build.0 = Debug|Any CPU
		{602DF587-D213-4F6E-B868-A4C0CD373D59}.Debug|ARM.ActiveCfg = Debug|Any CPU
		{602DF587-D213-4F6E-B868-A4C0CD373D59}.Debug|Win32.ActiveCfg = Debug|Any CPU
		{602DF587-D213-4F6E-B868-A4C0CD373D59}.Debug|x64.ActiveCfg = Debug|Any CPU
		{602DF587-D213-4F6E-B868-A4C0CD373D59}.Debug|x86.ActiveCfg = Debug|Any CPU
		{602DF587-D213-4F6E-B868-A4C0CD373D59}.Release|Any CPU.ActiveCfg = Release|Any CPU
		{602DF587-D213-4F6E-B868-A4C0CD373D59}.Release|Any CPU.Build.0 = Release|Any CPU
		{602DF587-D213-4F6E-B868-A4C0CD373D59}.Release|ARM.ActiveCfg = Release|Any CPU
		{602DF587-D213-4F6E-B868-A4C0CD373D59}.Release|Win32.ActiveCfg = Release|Any CPU
		{602DF587-D213-4F6E-B868-A4C0CD373D59}.Release|x64.ActiveCfg = Release|Any CPU
		{602DF587-D213-4F6E-B868-A4C0CD373D59}.Release|x86.ActiveCfg = Release|Any CPU
		{6E87464B-B064-40CA-8161-7C18C337ADFF}.Debug|Any CPU.ActiveCfg = Debug|Any CPU
		{6E87464B-B064-40CA-8161-7C18C337ADFF}.Debug|Any CPU.Build.0 = Debug|Any CPU
		{6E87464B-B064-40CA-8161-7C18C337ADFF}.Debug|ARM.ActiveCfg = Debug|ARM
		{6E87464B-B064-40CA-8161-7C18C337ADFF}.Debug|ARM.Build.0 = Debug|ARM
		{6E87464B-B064-40CA-8161-7C18C337ADFF}.Debug|Win32.ActiveCfg = Debug|Win32
		{6E87464B-B064-40CA-8161-7C18C337ADFF}.Debug|Win32.Build.0 = Debug|Win32
		{6E87464B-B064-40CA-8161-7C18C337ADFF}.Debug|x64.ActiveCfg = Debug|x64
		{6E87464B-B064-40CA-8161-7C18C337ADFF}.Debug|x64.Build.0 = Debug|x64
		{6E87464B-B064-40CA-8161-7C18C337ADFF}.Debug|x86.ActiveCfg = Debug|x86
		{6E87464B-B064-40CA-8161-7C18C337ADFF}.Debug|x86.Build.0 = Debug|x86
		{6E87464B-B064-40CA-8161-7C18C337ADFF}.Release|Any CPU.ActiveCfg = Release|Any CPU
		{6E87464B-B064-40CA-8161-7C18C337ADFF}.Release|Any CPU.Build.0 = Release|Any CPU
		{6E87464B-B064-40CA-8161-7C18C337ADFF}.Release|ARM.ActiveCfg = Release|ARM
		{6E87464B-B064-40CA-8161-7C18C337ADFF}.Release|ARM.Build.0 = Release|ARM
		{6E87464B-B064-40CA-8161-7C18C337ADFF}.Release|Win32.ActiveCfg = Release|Win32
		{6E87464B-B064-40CA-8161-7C18C337ADFF}.Release|Win32.Build.0 = Release|Win32
		{6E87464B-B064-40CA-8161-7C18C337ADFF}.Release|x64.ActiveCfg = Release|x64
		{6E87464B-B064-40CA-8161-7C18C337ADFF}.Release|x64.Build.0 = Release|x64
		{6E87464B-B064-40CA-8161-7C18C337ADFF}.Release|x86.ActiveCfg = Release|x86
		{6E87464B-B064-40CA-8161-7C18C337ADFF}.Release|x86.Build.0 = Release|x86
	EndGlobalSection
	GlobalSection(SolutionProperties) = preSolution
		HideSolutionNode = FALSE
	EndGlobalSection
	GlobalSection(NestedProjects) = preSolution
		{B3F01212-0619-4D2F-941B-01EC8746F4AD} = {0A6D63A6-9BB5-451A-A30B-6E463476BDB6}
		{8287BFDA-9644-4CF8-A220-6C001B6E846A} = {0A6D63A6-9BB5-451A-A30B-6E463476BDB6}
		{E4515115-2592-4EBA-BC09-B7BC4D1161FA} = {0A6D63A6-9BB5-451A-A30B-6E463476BDB6}
		{602DF587-D213-4F6E-B868-A4C0CD373D59} = {0A6D63A6-9BB5-451A-A30B-6E463476BDB6}
	EndGlobalSection
EndGlobal
